# cocoon.lock — generated by `cocoon lock`; do not edit by hand.
# Records resolved plugin versions + per-arch checksums for reproducible builds.

lock_version = 1
inputs_hash = '2036ad1fcae6d6660a0f839c0341553a2b2c1dad4ddae3fa4e7b6ac1966497f0'

[[plugins]]
id = 'cocoon'
requested = 'latest'
version = '0.17.0'
checksum_amd64 = 'df3ab7dbeaf67bb724ee46a44ade84c10316e3c513847ce66d07424b9170e5aa'
checksum_arm64 = '8951ebb38bb8b7533e93a7c5d2a62ebe37258dcec2f2c3301296286c716646b9'

[[plugins]]
id = 'copilot-cli'
requested = 'latest'
version = '1.0.63'
checksum_amd64 = '64d4a80496248f316030c358f530e60b96bae670e18f0c3f62e1f91fefacaf82'
checksum_arm64 = 'fa3255439d7d63ae0e51ab614b0285606212b316790550351eae88a62f0bb20f'

[[plugins]]
id = 'docker-buildx'
requested = 'latest'
version = '0.35.0'
checksum_amd64 = 'd41ece72044243b4f58b343441ae37446d9c29a7d6b5e11c61847bbcf8f7dfda'
checksum_arm64 = 'c4248d6cbc4a619a7e0b4609c11e509ad4ac0b475e1c64817c0ac20c5d90c766'

[[plugins]]
id = 'gitleaks'
requested = 'latest'
version = '8.30.1'
checksum_amd64 = '551f6fc83ea457d62a0d98237cbad105af8d557003051f41f3e7ca7b3f2470eb'
checksum_arm64 = 'e4a487ee7ccd7d3a7f7ec08657610aa3606637dab924210b3aee62570fb4b080'

[[plugins]]
id = 'just'
requested = 'latest'
version = '1.53.0'
checksum_amd64 = '7fedeb22c7e14d9ef1551e8b793700866d80f409f9884b0e80ebb65c11d4874d'
checksum_arm64 = 'f29d8e72380bc144465f632c7d59da311205eef2923d57511708b05b82f2e64f'

[[plugins]]
id = 'node'
requested = 'latest'
version = '24.17.0'
checksum_amd64 = 'ab343a1b747c7cbf3630dfd7dbf818c5423fab2eb4f5ad1afc896f6bd121a917'
checksum_arm64 = '67324b9e515e7d13da72571a5dd522bb23145a820f7dde15497897e466759ab3'

[[plugins]]
id = 'rtk'
requested = 'latest'
version = '0.42.4'
checksum_amd64 = '34975116da11e09e502501daf758143e0b22ed3a42a10eb67fb693a6270d9e36'
checksum_arm64 = 'cc2b91c064eb670c097c184913c8fbcb1a943d53d7fe505375e96ba0c5b6459f'

[[plugins]]
id = 'shellcheck'
requested = 'latest'
version = '0.11.0'

[[plugins]]
id = 'shfmt'
requested = 'latest'
version = '3.13.1'

[[plugins]]
id = 'starship'
requested = 'latest'
version = '1.25.1'
checksum_amd64 = 'c6ddd3ecb9c0071a2ad38d98cee748160066b7c4f197421268058f4a5d6f8504'
checksum_arm64 = '01517aab398959ea9ea73bdb4f032ea4dbb51dff5c8e5eb05b4a1b9b7ab872b8'
