# cocoon.lock — generated by `cocoon lock`; do not edit by hand.
# Records resolved plugin versions + per-arch checksums for reproducible builds.

lock_version = 1
inputs_hash = '8454ce75590eec782a11c5007d1b8e5d19da9607aa7a9be4e451baac60af1d4f'

[[plugins]]
id = 'aws-sam-cli'
requested = 'latest'
version = '1.164.0'

[[plugins]]
id = 'bun'
requested = 'latest'
version = '1.3.14'

[[plugins]]
id = 'cocoon'
requested = 'latest'
version = '0.17.1'
checksum_amd64 = '5e31e75c3aef2ec542daf0312768be1da0f8a430a1ae0b73c6668a04cf4bf240'
checksum_arm64 = '347b6ba5dbee3ef103e83b2d4f5a589493562b48621cf72f77923fe58cd1f2e1'

[[plugins]]
id = 'copilot-cli'
requested = 'latest'
version = '1.0.77'
checksum_amd64 = 'c6414f99c5b29b049a3b0929ba824f0ff0ae88b85eb52559be45631b96b00f4c'
checksum_arm64 = '5bcf01b30bd74ce415cc93acb404885e0bc396cde037ca68efe2b8ec84f91e5a'

[[plugins]]
id = 'docker-buildx'
requested = 'latest'
version = '0.36.0'
checksum_amd64 = '07823fdfcd82a41be90155a8b16876c1a780a6462de805a9f3f63b3119ccfb99'
checksum_arm64 = '70382de03915c07c488ae4ddc4f7e169ee978f953e754ecfce110ba017e0132b'

[[plugins]]
id = 'gitleaks'
requested = 'latest'
version = '8.30.1'
checksum_amd64 = '551f6fc83ea457d62a0d98237cbad105af8d557003051f41f3e7ca7b3f2470eb'
checksum_arm64 = 'e4a487ee7ccd7d3a7f7ec08657610aa3606637dab924210b3aee62570fb4b080'

[[plugins]]
id = 'go'
requested = 'latest'
version = '1.26.5'
checksum_amd64 = '5c2c3b16caefa1d968a94c1daca04a7ca301a496d9b086e17ad77bb81393f053'
checksum_arm64 = 'fe4789e92b1f33358680864bbe8704289e7bb5fc207d80623c308935bd696d49'

[[plugins]]
id = 'golangci-lint'
requested = 'latest'
version = '2.12.2'
checksum_amd64 = '8df580d2670fed8fa984aac0507099af8df275e665215f5c7a2ae3943893a553'
checksum_arm64 = '44cd40a8c76c86755375adfeea52cfd3533cb43d7bd647771e0ae065e166df3a'

[[plugins]]
id = 'just'
requested = 'latest'
version = '1.57.0'
checksum_amd64 = '45b548094283cb9739af8f13273b8cddeee869f5b4ef2bb631b1f311cb566155'
checksum_arm64 = 'f225044a81adea6e0b3a8b9370aaf374e6af76c8735ae263ac993df55fd137ec'

[[plugins]]
id = 'node'
requested = 'latest'
version = '24.18.1'
checksum_amd64 = 'd6c664df3f3f61458e8c277585571328522d705166723a7c7823a9253a4d15a0'
checksum_arm64 = '7201e3a09dc825bac57867c81913e2b8f0ef87d04cb9082af4cda82f6ff3d88c'

[[plugins]]
id = 'opentofu'
requested = 'latest'
version = '1.12.5'

[[plugins]]
id = 'rtk'
requested = 'latest'
version = '0.44.1'
checksum_amd64 = '986f29704469b3d1051e2474105c6c75ab8b73651068dcd61612c1fb3938ad95'
checksum_arm64 = 'ce97a94dbda556125fdbb22c94f538f93ae7dbc2b3de6f497bd60f206959c11c'

[[plugins]]
id = 'shellcheck'
requested = 'latest'
version = '0.11.0'

[[plugins]]
id = 'shfmt'
requested = 'latest'
version = '3.13.1'

[[plugins]]
id = 'starship'
requested = 'latest'
version = '1.26.0'
checksum_amd64 = 'b7c232b0e8249d8e55a40beb79c5c43a7d370f3f9408bd215deb0170daeaadf3'
checksum_arm64 = 'dc30189378d2f2e287384e8a692d3f95ad1df64cf0e8c36aa9201516028aed6b'

[[plugins]]
id = 'uv'
requested = 'latest'
version = '0.12.0'
