# cocoon.lock — generated by `cocoon lock`; do not edit by hand.
# Records resolved plugin versions + per-arch checksums for reproducible builds.

lock_version = 1
inputs_hash = '8454ce75590eec782a11c5007d1b8e5d19da9607aa7a9be4e451baac60af1d4f'

[[plugins]]
id = 'aws-sam-cli'
requested = 'latest'
version = '1.166.2'

[[plugins]]
id = 'bun'
requested = 'latest'
version = '1.4.2'

[[plugins]]
id = 'cocoon'
requested = 'latest'
version = '0.17.2'
checksum_amd64 = '9225cb28a53ef646890d1e594ebe78aca703f109036236a9f1a9155155d35388'
checksum_arm64 = '53a9b793134d4b87110b0cf5f865ae3a2ebe530a0644f25bf3f07d557b8077e3'

[[plugins]]
id = 'copilot-cli'
requested = 'latest'
version = '1.0.83'
checksum_amd64 = 'ffbe1c429664b8a05efed67ecdb467123e40fcaa3c6c14ef9a98ba74da4687b7'
checksum_arm64 = '213b3a267042dbac3cd8ae22c82f5ea04ff3cabc008108c0f895055d46be4473'

[[plugins]]
id = 'docker-buildx'
requested = 'latest'
version = '0.37.1'
checksum_amd64 = '9447199cdb435f25880548343c128a4b6650e8891ee598905d8d29d39a8e359b'
checksum_arm64 = 'e5cc9fe3bbff5cbc91230981f7860e06076110730a2db997082652199042a1f2'

[[plugins]]
id = 'gitleaks'
requested = 'latest'
version = '8.30.1'
checksum_amd64 = '551f6fc83ea457d62a0d98237cbad105af8d557003051f41f3e7ca7b3f2470eb'
checksum_arm64 = 'e4a487ee7ccd7d3a7f7ec08657610aa3606637dab924210b3aee62570fb4b080'

[[plugins]]
id = 'go'
requested = 'latest'
version = '1.27.1'
checksum_amd64 = '63d339f0da5ab53635a56f2490a7984dfe12dfcff22ad749f63edaf590168445'
checksum_arm64 = '3450b45a3f9ee8568792736a5c5e70a1f2e9b36c35a8f74958c03e51d7d92bec'

[[plugins]]
id = 'golangci-lint'
requested = 'latest'
version = '2.13.2'
checksum_amd64 = '2277d43b98ec0054280f2ac26b53268bae97682444678a59a657dd565da021d6'
checksum_arm64 = 'a2a4e0065aa41be71f7c5ac90f271b61751331e5d04314e62afe4027855f0893'

[[plugins]]
id = 'just'
requested = 'latest'
version = '1.58.0'
checksum_amd64 = '4a5cc2f53e6f0f8c59092a6cc38291eb729d46a7dd95d3ae582008881b84931d'
checksum_arm64 = '748237128c4c40cbdabc65e841d05ceba13cc23a91eaba395495894c1d9764df'

[[plugins]]
id = 'node'
requested = 'latest'
version = '24.21.0'
checksum_amd64 = 'fd8e59d5a511510f6a298afb548f18c7d2b1be404d8b4a27d94fbe49f56cb2d6'
checksum_arm64 = '6ad1325edbdb5649c379b75a237147a666c95d4f9ae8d340fef2d1575d289ad2'

[[plugins]]
id = 'opentofu'
requested = 'latest'
version = '1.12.6'

[[plugins]]
id = 'rtk'
requested = 'latest'
version = '0.49.0'
checksum_amd64 = '7278231dfd7e6a730a4ab7f847b195bcf02289c2d57622b0dab75a6411100c8f'
checksum_arm64 = 'c8ea4b6560841e73157c134fd4a3293914c6ede42e786ee985cf491fde691ba7'

[[plugins]]
id = 'shellcheck'
requested = 'latest'
version = '0.11.0'

[[plugins]]
id = 'shfmt'
requested = 'latest'
version = '3.14.1'

[[plugins]]
id = 'starship'
requested = 'latest'
version = '1.26.0'
checksum_amd64 = 'b7c232b0e8249d8e55a40beb79c5c43a7d370f3f9408bd215deb0170daeaadf3'
checksum_arm64 = 'dc30189378d2f2e287384e8a692d3f95ad1df64cf0e8c36aa9201516028aed6b'

[[plugins]]
id = 'uv'
requested = 'latest'
version = '0.12.13'
