# cocoon.lock — generated by `cocoon lock`; do not edit by hand.
# Records resolved plugin versions + per-arch checksums for reproducible builds.

lock_version = 1
inputs_hash = '4745426f50f3dcb73006feaa277ffabda9502dfce313d1056acb321a0638d411'

[[plugins]]
id = 'aws-sam-cli'
requested = 'latest'
version = '1.161.1'

[[plugins]]
id = 'cocoon'
requested = 'latest'
version = '0.15.6'
checksum_amd64 = '58d46446c32841ab96082f5c3274950e810838293eb24ff9d7016e46dcf05039'
checksum_arm64 = '27e0fad4c3fc2fc51ddb3d6ebb62315157fa2eab47bc9a5b0c07aa6fcf04b312'

[[plugins]]
id = 'codex'
requested = 'latest'
version = '0.139.0'

[[plugins]]
id = 'copilot-cli'
requested = 'latest'
version = '1.0.61'
checksum_amd64 = '228bd802a369ad6b3477be1c08510d555628bb1fc8a53a26337f336659f817db'
checksum_arm64 = '225c87742394096557ec5d1cc559362654da895a672d5a7aa6fdc204b1c95d36'

[[plugins]]
id = 'docker-buildx'
requested = 'latest'
version = '0.34.1'
checksum_amd64 = 'f1332ddb9010bd0b72628266c3a906d9a6979848033df4c8d9bd2cd113bae12b'
checksum_arm64 = 'c34e32dd6ea2653d960d6c099c9f09b9077e4a37504d2d31e5066eccc3904231'

[[plugins]]
id = 'gitleaks'
requested = 'latest'
version = '8.30.1'
checksum_amd64 = '551f6fc83ea457d62a0d98237cbad105af8d557003051f41f3e7ca7b3f2470eb'
checksum_arm64 = 'e4a487ee7ccd7d3a7f7ec08657610aa3606637dab924210b3aee62570fb4b080'

[[plugins]]
id = 'go'
requested = 'latest'
version = '1.26.4'
checksum_amd64 = '1153d3d50e0ac764b447adfe05c2bcf08e889d42a02e0fe0259bd47f6733ad7f'
checksum_arm64 = 'ef758ae7c6cf9267c9c0ef080b8965f453d89ab2d25d9eb22de4405925238768'

[[plugins]]
id = 'golangci-lint'
requested = 'latest'
version = '2.12.2'
checksum_amd64 = '8df580d2670fed8fa984aac0507099af8df275e665215f5c7a2ae3943893a553'
checksum_arm64 = '44cd40a8c76c86755375adfeea52cfd3533cb43d7bd647771e0ae065e166df3a'

[[plugins]]
id = 'just'
requested = 'latest'
version = '1.52.0'
checksum_amd64 = 'e0a712614574d45625332529c864754e26782422b7c7db931466180a618f092d'
checksum_arm64 = '41af45372c49c404ca7b9a318ae9de5564636e39c6520cc4d42bf678f3bfb1bc'

[[plugins]]
id = 'node'
requested = 'latest'
version = '24.16.0'
checksum_amd64 = 'd804845d34eddc21dc1092b519d643ef40b1f58ec5dec5c22b1f4bd8fabde6c9'
checksum_arm64 = '524659219d6a207a7400f2bde15d19ba060ffbe0d32a8643319ad67e3bb64c78'

[[plugins]]
id = 'opentofu'
requested = 'latest'
version = '1.12.1'

[[plugins]]
id = 'shellcheck'
requested = 'latest'
version = '0.11.0'

[[plugins]]
id = 'shfmt'
requested = 'latest'
version = '3.13.1'

[[plugins]]
id = 'starship'
requested = 'latest'
version = '1.25.1'
checksum_amd64 = 'c6ddd3ecb9c0071a2ad38d98cee748160066b7c4f197421268058f4a5d6f8504'
checksum_arm64 = '01517aab398959ea9ea73bdb4f032ea4dbb51dff5c8e5eb05b4a1b9b7ab872b8'

[[plugins]]
id = 'uv'
requested = 'latest'
version = '0.11.19'
